
Microsoft Visual Studio Solution File, Format Version 12.00
# Visual Studio Version 17
VisualStudioVersion = 17.0.32126.317
MinimumVisualStudioVersion = 10.0.40219.1
Project("{FAE04EC0-301F-11D3-BF4B-00C04F79EFBC}") = "PhoneMaster", "PhoneMaster\PhoneMaster.csproj", "{93D1B037-F560-415A-8A76-B93D3AADC59E}"
EndProject
Global
	GlobalSection(SolutionConfigurationPlatforms) = preSolution
		Debug|Any CPU = Debug|Any CPU
		Release|Any CPU = Release|Any CPU
	EndGlobalSection
	GlobalSection(ProjectConfigurationPlatforms) = postSolution
		{93D1B037-F560-415A-8A76-B93D3AADC59E}.Debug|Any CPU.ActiveCfg = Debug|Any CPU
		{93D1B037-F560-415A-8A76-B93D3AADC59E}.Debug|Any CPU.Build.0 = Debug|Any CPU
		{93D1B037-F560-415A-8A76-B93D3AADC59E}.Release|Any CPU.ActiveCfg = Release|Any CPU
		{93D1B037-F560-415A-8A76-B93D3AADC59E}.Release|Any CPU.Build.0 = Release|Any CPU
	EndGlobalSection
	GlobalSection(SolutionProperties) = preSolution
		HideSolutionNode = FALSE
	EndGlobalSection
	GlobalSection(ExtensibilityGlobals) = postSolution
		SolutionGuid = {4B8724F3-0969-4B2F-81C5-35A23DAEF678}
	EndGlobalSection
EndGlobal
